
Microsoft Visual Studio Solution File, Format Version 12.00
# Visual Studio Version 17
VisualStudioVersion = 17.2.32630.192
MinimumVisualStudioVersion = 10.0.40219.1
Project("{FAE04EC0-301F-11D3-BF4B-00C04F79EFBC}") = "DebuggingProject", "DebuggingProject.csproj", "{426247EA-3EB2-40AC-8AC4-22E8053BDA2C}"
EndProject
Global
	GlobalSection(SolutionConfigurationPlatforms) = preSolution
		Debug|Any CPU = Debug|Any CPU
		Release|Any CPU = Release|Any CPU
	EndGlobalSection
	GlobalSection(ProjectConfigurationPlatforms) = postSolution
		{426247EA-3EB2-40AC-8AC4-22E8053BDA2C}.Debug|Any CPU.ActiveCfg = Debug|Any CPU
		{426247EA-3EB2-40AC-8AC4-22E8053BDA2C}.Debug|Any CPU.Build.0 = Debug|Any CPU
		{426247EA-3EB2-40AC-8AC4-22E8053BDA2C}.Release|Any CPU.ActiveCfg = Release|Any CPU
		{426247EA-3EB2-40AC-8AC4-22E8053BDA2C}.Release|Any CPU.Build.0 = Release|Any CPU
	EndGlobalSection
	GlobalSection(SolutionProperties) = preSolution
		HideSolutionNode = FALSE
	EndGlobalSection
	GlobalSection(ExtensibilityGlobals) = postSolution
		SolutionGuid = {483801DB-CFB3-4F4D-8D5A-4BE649B3E4E7}
	EndGlobalSection
EndGlobal
